
Microsoft Visual Studio Solution File, Format Version 12.00
# Visual Studio 15
VisualStudioVersion = 15.0.27703.2042
MinimumVisualStudioVersion = 10.0.40219.1
Project("{FAE04EC0-301F-11D3-BF4B-00C04F79EFBC}") = "calculatorapp", "calculatorapp\calculatorapp.csproj", "{FA8B2F70-F5D8-4F8B-8A1B-09ECF73C5C83}"
EndProject
Global
	GlobalSection(SolutionConfigurationPlatforms) = preSolution
		Debug|Any CPU = Debug|Any CPU
		Release|Any CPU = Release|Any CPU
	EndGlobalSection
	GlobalSection(ProjectConfigurationPlatforms) = postSolution
		{FA8B2F70-F5D8-4F8B-8A1B-09ECF73C5C83}.Debug|Any CPU.ActiveCfg = Debug|Any CPU
		{FA8B2F70-F5D8-4F8B-8A1B-09ECF73C5C83}.Debug|Any CPU.Build.0 = Debug|Any CPU
		{FA8B2F70-F5D8-4F8B-8A1B-09ECF73C5C83}.Release|Any CPU.ActiveCfg = Release|Any CPU
		{FA8B2F70-F5D8-4F8B-8A1B-09ECF73C5C83}.Release|Any CPU.Build.0 = Release|Any CPU
	EndGlobalSection
	GlobalSection(SolutionProperties) = preSolution
		HideSolutionNode = FALSE
	EndGlobalSection
	GlobalSection(ExtensibilityGlobals) = postSolution
		SolutionGuid = {3C2D0C4F-A22A-47E6-9F9A-F9616F50E649}
	EndGlobalSection
EndGlobal
